
Microsoft Visual Studio Solution File, Format Version 12.00
# Visual Studio Version 16
VisualStudioVersion = 16.0.32126.315
MinimumVisualStudioVersion = 10.0.40219.1
Project("{FAE04EC0-301F-11D3-BF4B-00C04F79EFBC}") = "StokTakipOtomasyonu", "StokTakipOtomasyonu\StokTakipOtomasyonu.csproj", "{936522AA-3DE4-4ABA-98E0-63FFB348E9B6}"
EndProject
Global
	GlobalSection(SolutionConfigurationPlatforms) = preSolution
		Debug|Any CPU = Debug|Any CPU
		Release|Any CPU = Release|Any CPU
	EndGlobalSection
	GlobalSection(ProjectConfigurationPlatforms) = postSolution
		{936522AA-3DE4-4ABA-98E0-63FFB348E9B6}.Debug|Any CPU.ActiveCfg = Debug|Any CPU
		{936522AA-3DE4-4ABA-98E0-63FFB348E9B6}.Debug|Any CPU.Build.0 = Debug|Any CPU
		{936522AA-3DE4-4ABA-98E0-63FFB348E9B6}.Release|Any CPU.ActiveCfg = Release|Any CPU
		{936522AA-3DE4-4ABA-98E0-63FFB348E9B6}.Release|Any CPU.Build.0 = Release|Any CPU
	EndGlobalSection
	GlobalSection(SolutionProperties) = preSolution
		HideSolutionNode = FALSE
	EndGlobalSection
	GlobalSection(ExtensibilityGlobals) = postSolution
		SolutionGuid = {24A4A0CB-2C1A-45AD-B82C-7EF8AC953ABB}
	EndGlobalSection
EndGlobal
